
Microsoft Visual Studio Solution File, Format Version 12.00
# Visual Studio Version 16
VisualStudioVersion = 16.0.29215.179
MinimumVisualStudioVersion = 10.0.40219.1
Project("{FAE04EC0-301F-11D3-BF4B-00C04F79EFBC}") = "lab3-2", "lab3-2.csproj", "{D37FFB12-1EEB-492F-A08B-0F169CA43463}"
EndProject
Global
	GlobalSection(SolutionConfigurationPlatforms) = preSolution
		Debug|Any CPU = Debug|Any CPU
		Release|Any CPU = Release|Any CPU
	EndGlobalSection
	GlobalSection(ProjectConfigurationPlatforms) = postSolution
		{D37FFB12-1EEB-492F-A08B-0F169CA43463}.Debug|Any CPU.ActiveCfg = Debug|Any CPU
		{D37FFB12-1EEB-492F-A08B-0F169CA43463}.Debug|Any CPU.Build.0 = Debug|Any CPU
		{D37FFB12-1EEB-492F-A08B-0F169CA43463}.Release|Any CPU.ActiveCfg = Release|Any CPU
		{D37FFB12-1EEB-492F-A08B-0F169CA43463}.Release|Any CPU.Build.0 = Release|Any CPU
	EndGlobalSection
	GlobalSection(SolutionProperties) = preSolution
		HideSolutionNode = FALSE
	EndGlobalSection
	GlobalSection(ExtensibilityGlobals) = postSolution
		SolutionGuid = {D17A2D95-E46F-4CBB-845C-633E5D0BE626}
	EndGlobalSection
EndGlobal
